github.com/morphar/powernap v0.0.0-20220327212811-a474b0d0fece h1:SgHLdz5+syLIK9UWTpIwvUt8ORdfjgL6yvM0xtQKn8I=
github.com/morphar/powernap v0.0.0-20220327212811-a474b0d0fece/go.mod h1:NvQG5haYRWNiO2KNSDvos4Jmxzb5M4KVYQ7u31okoUk=
github.com/stianeikeland/go-rpio/v4 v4.6.0 h1:eAJgtw3jTtvn/CqwbC82ntcS+dtzUTgo5qlZKe677EY=
github.com/stianeikeland/go-rpio/v4 v4.6.0/go.mod h1:A3GvHxC1Om5zaId+HqB3HKqx4K/AqeckxB7qRjxMK7o=
